// !$*UTF8*$!
{
	archiveVersion = 1;
	classes = {
	};
	objectVersion = 55;
	objects = {

/* Begin PBXBuildFile section */
		8414998328F3C433002C190F /* AppDelegate.swift in Sources */ = {isa = PBXBuildFile; fileRef = 8414998228F3C433002C190F /* AppDelegate.swift */; };
		8414998528F3C433002C190F /* SceneDelegate.swift in Sources */ = {isa = PBXBuildFile; fileRef = 8414998428F3C433002C190F /* SceneDelegate.swift */; };
		8414998728F3C433002C190F /* LoginViewController.swift in Sources */ = {isa = PBXBuildFile; fileRef = 8414998628F3C433002C190F /* LoginViewController.swift */; };
		8414998A28F3C433002C190F /* Main.storyboard in Resources */ = {isa = PBXBuildFile; fileRef = 8414998828F3C433002C190F /* Main.storyboard */; };
		8414998D28F3C433002C190F /* LoginMVVM.xcdatamodeld in Sources */ = {isa = PBXBuildFile; fileRef = 8414998B28F3C433002C190F /* LoginMVVM.xcdatamodeld */; };
		8414998F28F3C434002C190F /* Assets.xcassets in Resources */ = {isa = PBXBuildFile; fileRef = 8414998E28F3C434002C190F /* Assets.xcassets */; };
		8414999228F3C434002C190F /* LaunchScreen.storyboard in Resources */ = {isa = PBXBuildFile; fileRef = 8414999028F3C434002C190F /* LaunchScreen.storyboard */; };
		8414999D28F3C497002C190F /* User.swift in Sources */ = {isa = PBXBuildFile; fileRef = 8414999C28F3C497002C190F /* User.swift */; };
		8414999F28F3C4CA002C190F /* LoginViewModel.swift in Sources */ = {isa = PBXBuildFile; fileRef = 8414999E28F3C4CA002C190F /* LoginViewModel.swift */; };
		841499A428F3D2C3002C190F /* HomeVCViewController.swift in Sources */ = {isa = PBXBuildFile; fileRef = 841499A328F3D2C3002C190F /* HomeVCViewController.swift */; };
		842D07C428F6AD58006AD256 /* TableViewController.swift in Sources */ = {isa = PBXBuildFile; fileRef = 842D07C328F6AD58006AD256 /* TableViewController.swift */; };
		842D07C628F6AD8D006AD256 /* TableViewCell.swift in Sources */ = {isa = PBXBuildFile; fileRef = 842D07C528F6AD8D006AD256 /* TableViewCell.swift */; };
/* End PBXBuildFile section */

/* Begin PBXFileReference section */
		8414997F28F3C433002C190F /* LoginMVVM.app */ = {isa = PBXFileReference; explicitFileType = wrapper.application; includeInIndex = 0; path = LoginMVVM.app; sourceTree = BUILT_PRODUCTS_DIR; };
		8414998228F3C433002C190F /* AppDelegate.swift */ = {isa = PBXFileReference; lastKnownFileType = sourcecode.swift; path = AppDelegate.swift; sourceTree = "<group>"; };
		8414998428F3C433002C190F /* SceneDelegate.swift */ = {isa = PBXFileReference; lastKnownFileType = sourcecode.swift; path = SceneDelegate.swift; sourceTree = "<group>"; };
		8414998628F3C433002C190F /* LoginViewController.swift */ = {isa = PBXFileReference; lastKnownFileType = sourcecode.swift; path = LoginViewController.swift; sourceTree = "<group>"; };
		8414998928F3C433002C190F /* Base */ = {isa = PBXFileReference; lastKnownFileType = file.storyboard; name = Base; path = Base.lproj/Main.storyboard; sourceTree = "<group>"; };
		8414998C28F3C433002C190F /* LoginMVVM.xcdatamodel */ = {isa = PBXFileReference; lastKnownFileType = wrapper.xcdatamodel; path = LoginMVVM.xcdatamodel; sourceTree = "<group>"; };
		8414998E28F3C434002C190F /* Assets.xcassets */ = {isa = PBXFileReference; lastKnownFileType = folder.assetcatalog; path = Assets.xcassets; sourceTree = "<group>"; };
		8414999128F3C434002C190F /* Base */ = {isa = PBXFileReference; lastKnownFileType = file.storyboard; name = Base; path = Base.lproj/LaunchScreen.storyboard; sourceTree = "<group>"; };
		8414999328F3C434002C190F /* Info.plist */ = {isa = PBXFileReference; lastKnownFileType = text.plist.xml; path = Info.plist; sourceTree = "<group>"; };
		8414999C28F3C497002C190F /* User.swift */ = {isa = PBXFileReference; lastKnownFileType = sourcecode.swift; path = User.swift; sourceTree = "<group>"; };
		8414999E28F3C4CA002C190F /* LoginViewModel.swift */ = {isa = PBXFileReference; lastKnownFileType = sourcecode.swift; path = LoginViewModel.swift; sourceTree = "<group>"; };
		841499A328F3D2C3002C190F /* HomeVCViewController.swift */ = {isa = PBXFileReference; lastKnownFileType = sourcecode.swift; path = HomeVCViewController.swift; sourceTree = "<group>"; };
		842D07C328F6AD58006AD256 /* TableViewController.swift */ = {isa = PBXFileReference; lastKnownFileType = sourcecode.swift; path = TableViewController.swift; sourceTree = "<group>"; };
		842D07C528F6AD8D006AD256 /* TableViewCell.swift */ = {isa = PBXFileReference; lastKnownFileType = sourcecode.swift; path = TableViewCell.swift; sourceTree = "<group>"; };
/* End PBXFileReference section */

/* Begin PBXFrameworksBuildPhase section */
		8414997C28F3C433002C190F /* Frameworks */ = {
			isa = PBXFrameworksBuildPhase;
			buildActionMask = 2147483647;
			files = (
			);
			runOnlyForDeploymentPostprocessing = 0;
		};
/* End PBXFrameworksBuildPhase section */

/* Begin PBXGroup section */
		8414997628F3C433002C190F = {
			isa = PBXGroup;
			children = (
				8414998128F3C433002C190F /* LoginMVVM */,
				8414998028F3C433002C190F /* Products */,
			);
			sourceTree = "<group>";
		};
		8414998028F3C433002C190F /* Products */ = {
			isa = PBXGroup;
			children = (
				8414997F28F3C433002C190F /* LoginMVVM.app */,
			);
			name = Products;
			sourceTree = "<group>";
		};
		8414998128F3C433002C190F /* LoginMVVM */ = {
			isa = PBXGroup;
			children = (
				8414998228F3C433002C190F /* AppDelegate.swift */,
				8414998428F3C433002C190F /* SceneDelegate.swift */,
				8414999B28F3C47D002C190F /* ViewModel */,
				8414999A28F3C477002C190F /* Model */,
				8414999928F3C46B002C190F /* View */,
				8414998828F3C433002C190F /* Main.storyboard */,
				8414998E28F3C434002C190F /* Assets.xcassets */,
				8414999028F3C434002C190F /* LaunchScreen.storyboard */,
				8414999328F3C434002C190F /* Info.plist */,
				8414998B28F3C433002C190F /* LoginMVVM.xcdatamodeld */,
			);
			path = LoginMVVM;
			sourceTree = "<group>";
		};
		8414999928F3C46B002C190F /* View */ = {
			isa = PBXGroup;
			children = (
				8414998628F3C433002C190F /* LoginViewController.swift */,
				841499A328F3D2C3002C190F /* HomeVCViewController.swift */,
				842D07C328F6AD58006AD256 /* TableViewController.swift */,
				842D07C528F6AD8D006AD256 /* TableViewCell.swift */,
			);
			path = View;
			sourceTree = "<group>";
		};
		8414999A28F3C477002C190F /* Model */ = {
			isa = PBXGroup;
			children = (
				8414999C28F3C497002C190F /* User.swift */,
			);
			path = Model;
			sourceTree = "<group>";
		};
		8414999B28F3C47D002C190F /* ViewModel */ = {
			isa = PBXGroup;
			children = (
				8414999E28F3C4CA002C190F /* LoginViewModel.swift */,
			);
			path = ViewModel;
			sourceTree = "<group>";
		};
/* End PBXGroup section */

/* Begin PBXNativeTarget section */
		8414997E28F3C433002C190F /* LoginMVVM */ = {
			isa = PBXNativeTarget;
			buildConfigurationList = 8414999628F3C434002C190F /* Build configuration list for PBXNativeTarget "LoginMVVM" */;
			buildPhases = (
				8414997B28F3C433002C190F /* Sources */,
				8414997C28F3C433002C190F /* Frameworks */,
				8414997D28F3C433002C190F /* Resources */,
			);
			buildRules = (
			);
			dependencies = (
			);
			name = LoginMVVM;
			productName = LoginMVVM;
			productReference = 8414997F28F3C433002C190F /* LoginMVVM.app */;
			productType = "com.apple.product-type.application";
		};
/* End PBXNativeTarget section */

/* Begin PBXProject section */
		8414997728F3C433002C190F /* Project object */ = {
			isa = PBXProject;
			attributes = {
				BuildIndependentTargetsInParallel = 1;
				LastSwiftUpdateCheck = 1340;
				LastUpgradeCheck = 1340;
				TargetAttributes = {
					8414997E28F3C433002C190F = {
						CreatedOnToolsVersion = 13.4.1;
					};
				};
			};
			buildConfigurationList = 8414997A28F3C433002C190F /* Build configuration list for PBXProject "LoginMVVM" */;
			compatibilityVersion = "Xcode 13.0";
			developmentRegion = en;
			hasScannedForEncodings = 0;
			knownRegions = (
				en,
				Base,
			);
			mainGroup = 8414997628F3C433002C190F;
			productRefGroup = 8414998028F3C433002C190F /* Products */;
			projectDirPath = "";
			projectRoot = "";
			targets = (
				8414997E28F3C433002C190F /* LoginMVVM */,
			);
		};
/* End PBXProject section */

/* Begin PBXResourcesBuildPhase section */
		8414997D28F3C433002C190F /* Resources */ = {
			isa = PBXResourcesBuildPhase;
			buildActionMask = 2147483647;
			files = (
				8414999228F3C434002C190F /* LaunchScreen.storyboard in Resources */,
				8414998F28F3C434002C190F /* Assets.xcassets in Resources */,
				8414998A28F3C433002C190F /* Main.storyboard in Resources */,
			);
			runOnlyForDeploymentPostprocessing = 0;
		};
/* End PBXResourcesBuildPhase section */

/* Begin PBXSourcesBuildPhase section */
		8414997B28F3C433002C190F /* Sources */ = {
			isa = PBXSourcesBuildPhase;
			buildActionMask = 2147483647;
			files = (
				8414998728F3C433002C190F /* LoginViewController.swift in Sources */,
				8414998D28F3C433002C190F /* LoginMVVM.xcdatamodeld in Sources */,
				8414999F28F3C4CA002C190F /* LoginViewModel.swift in Sources */,
				842D07C628F6AD8D006AD256 /* TableViewCell.swift in Sources */,
				842D07C428F6AD58006AD256 /* TableViewController.swift in Sources */,
				8414998328F3C433002C190F /* AppDelegate.swift in Sources */,
				8414999D28F3C497002C190F /* User.swift in Sources */,
				841499A428F3D2C3002C190F /* HomeVCViewController.swift in Sources */,
				8414998528F3C433002C190F /* SceneDelegate.swift in Sources */,
			);
			runOnlyForDeploymentPostprocessing = 0;
		};
/* End PBXSourcesBuildPhase section */

/* Begin PBXVariantGroup section */
		8414998828F3C433002C190F /* Main.storyboard */ = {
			isa = PBXVariantGroup;
			children = (
				8414998928F3C433002C190F /* Base */,
			);
			name = Main.storyboard;
			sourceTree = "<group>";
		};
		8414999028F3C434002C190F /* LaunchScreen.storyboard */ = {
			isa = PBXVariantGroup;
			children = (
				8414999128F3C434002C190F /* Base */,
			);
			name = LaunchScreen.storyboard;
			sourceTree = "<group>";
		};
/* End PBXVariantGroup section */

/* Begin XCBuildConfiguration section */
		8414999428F3C434002C190F /* Debug */ = {
			isa = XCBuildConfiguration;
			buildSettings = {
				ALWAYS_SEARCH_USER_PATHS = NO;
				CLANG_ANALYZER_NONNULL = YES;
				CLANG_ANALYZER_NUMBER_OBJECT_CONVERSION = YES_AGGRESSIVE;
				CLANG_CXX_LANGUAGE_STANDARD = "gnu++17";
				CLANG_ENABLE_MODULES = YES;
				CLANG_ENABLE_OBJC_ARC = YES;
				CLANG_ENABLE_OBJC_WEAK = YES;
				CLANG_WARN_BLOCK_CAPTURE_AUTORELEASING = YES;
				CLANG_WARN_BOOL_CONVERSION = YES;
				CLANG_WARN_COMMA = YES;
				CLANG_WARN_CONSTANT_CONVERSION = YES;
				CLANG_WARN_DEPRECATED_OBJC_IMPLEMENTATIONS = YES;
				CLANG_WARN_DIRECT_OBJC_ISA_USAGE = YES_ERROR;
				CLANG_WARN_DOCUMENTATION_COMMENTS = YES;
				CLANG_WARN_EMPTY_BODY = YES;
				CLANG_WARN_ENUM_CONVERSION = YES;
				CLANG_WARN_INFINITE_RECURSION = YES;
				CLANG_WARN_INT_CONVERSION = YES;
				CLANG_WARN_NON_LITERAL_NULL_CONVERSION = YES;
				CLANG_WARN_OBJC_IMPLICIT_RETAIN_SELF = YES;
				CLANG_WARN_OBJC_LITERAL_CONVERSION = YES;
				CLANG_WARN_OBJC_ROOT_CLASS = YES_ERROR;
				CLANG_WARN_QUOTED_INCLUDE_IN_FRAMEWORK_HEADER = YES;
				CLANG_WARN_RANGE_LOOP_ANALYSIS = YES;
				CLANG_WARN_STRICT_PROTOTYPES = YES;
				CLANG_WARN_SUSPICIOUS_MOVE = YES;
				CLANG_WARN_UNGUARDED_AVAILABILITY = YES_AGGRESSIVE;
				CLANG_WARN_UNREACHABLE_CODE = YES;
				CLANG_WARN__DUPLICATE_METHOD_MATCH = YES;
				COPY_PHASE_STRIP = NO;
				DEBUG_INFORMATION_FORMAT = dwarf;
				ENABLE_STRICT_OBJC_MSGSEND = YES;
				ENABLE_TESTABILITY = YES;
				GCC_C_LANGUAGE_STANDARD = gnu11;
				GCC_DYNAMIC_NO_PIC = NO;
				GCC_NO_COMMON_BLOCKS = YES;
				GCC_OPTIMIZATION_LEVEL = 0;
				GCC_PREPROCESSOR_DEFINITIONS = (
					"DEBUG=1",
					"$(inherited)",
				);
				GCC_WARN_64_TO_32_BIT_CONVERSION = YES;
				GCC_WARN_ABOUT_RETURN_TYPE = YES_ERROR;
				GCC_WARN_UNDECLARED_SELECTOR = YES;
				GCC_WARN_UNINITIALIZED_AUTOS = YES_AGGRESSIVE;
				GCC_WARN_UNUSED_FUNCTION = YES;
				GCC_WARN_UNUSED_VARIABLE = YES;
				IPHONEOS_DEPLOYMENT_TARGET = 15.5;
				MTL_ENABLE_DEBUG_INFO = INCLUDE_SOURCE;
				MTL_FAST_MATH = YES;
				ONLY_ACTIVE_ARCH = YES;
				SDKROOT = iphoneos;
				SWIFT_ACTIVE_COMPILATION_CONDITIONS = DEBUG;
				SWIFT_OPTIMIZATION_LEVEL = "-Onone";
			};
			name = Debug;
		};
		8414999528F3C434002C190F /* Release */ = {
			isa = XCBuildConfiguration;
			buildSettings = {
				ALWAYS_SEARCH_USER_PATHS = NO;
				CLANG_ANALYZER_NONNULL = YES;
				CLANG_ANALYZER_NUMBER_OBJECT_CONVERSION = YES_AGGRESSIVE;
				CLANG_CXX_LANGUAGE_STANDARD = "gnu++17";
				CLANG_ENABLE_MODULES = YES;
				CLANG_ENABLE_OBJC_ARC = YES;
				CLANG_ENABLE_OBJC_WEAK = YES;
				CLANG_WARN_BLOCK_CAPTURE_AUTORELEASING = YES;
				CLANG_WARN_BOOL_CONVERSION = YES;
				CLANG_WARN_COMMA = YES;
				CLANG_WARN_CONSTANT_CONVERSION = YES;
				CLANG_WARN_DEPRECATED_OBJC_IMPLEMENTATIONS = YES;
				CLANG_WARN_DIRECT_OBJC_ISA_USAGE = YES_ERROR;
				CLANG_WARN_DOCUMENTATION_COMMENTS = YES;
				CLANG_WARN_EMPTY_BODY = YES;
				CLANG_WARN_ENUM_CONVERSION = YES;
				CLANG_WARN_INFINITE_RECURSION = YES;
				CLANG_WARN_INT_CONVERSION = YES;
				CLANG_WARN_NON_LITERAL_NULL_CONVERSION = YES;
				CLANG_WARN_OBJC_IMPLICIT_RETAIN_SELF = YES;
				CLANG_WARN_OBJC_LITERAL_CONVERSION = YES;
				CLANG_WARN_OBJC_ROOT_CLASS = YES_ERROR;
				CLANG_WARN_QUOTED_INCLUDE_IN_FRAMEWORK_HEADER = YES;
				CLANG_WARN_RANGE_LOOP_ANALYSIS = YES;
				CLANG_WARN_STRICT_PROTOTYPES = YES;
				CLANG_WARN_SUSPICIOUS_MOVE = YES;
				CLANG_WARN_UNGUARDED_AVAILABILITY = YES_AGGRESSIVE;
				CLANG_WARN_UNREACHABLE_CODE = YES;
				CLANG_WARN__DUPLICATE_METHOD_MATCH = YES;
				COPY_PHASE_STRIP = NO;
				DEBUG_INFORMATION_FORMAT = "dwarf-with-dsym";
				ENABLE_NS_ASSERTIONS = NO;
				ENABLE_STRICT_OBJC_MSGSEND = YES;
				GCC_C_LANGUAGE_STANDARD = gnu11;
				GCC_NO_COMMON_BLOCKS = YES;
				GCC_WARN_64_TO_32_BIT_CONVERSION = YES;
				GCC_WARN_ABOUT_RETURN_TYPE = YES_ERROR;
				GCC_WARN_UNDECLARED_SELECTOR = YES;
				GCC_WARN_UNINITIALIZED_AUTOS = YES_AGGRESSIVE;
				GCC_WARN_UNUSED_FUNCTION = YES;
				GCC_WARN_UNUSED_VARIABLE = YES;
				IPHONEOS_DEPLOYMENT_TARGET = 15.5;
				MTL_ENABLE_DEBUG_INFO = NO;
				MTL_FAST_MATH = YES;
				SDKROOT = iphoneos;
				SWIFT_COMPILATION_MODE = wholemodule;
				SWIFT_OPTIMIZATION_LEVEL = "-O";
				VALIDATE_PRODUCT = YES;
			};
			name = Release;
		};
		8414999728F3C434002C190F /* Debug */ = {
			isa = XCBuildConfiguration;
			buildSettings = {
				ASSETCATALOG_COMPILER_APPICON_NAME = AppIcon;
				ASSETCATALOG_COMPILER_GLOBAL_ACCENT_COLOR_NAME = AccentColor;
				CODE_SIGN_STYLE = Automatic;
				CURRENT_PROJECT_VERSION = 1;
				GENERATE_INFOPLIST_FILE = YES;
				INFOPLIST_FILE = LoginMVVM/Info.plist;
				INFOPLIST_KEY_UIApplicationSupportsIndirectInputEvents = YES;
				INFOPLIST_KEY_UILaunchStoryboardName = LaunchScreen;
				INFOPLIST_KEY_UIMainStoryboardFile = Main;
				INFOPLIST_KEY_UISupportedInterfaceOrientations_iPad = "UIInterfaceOrientationPortrait UIInterfaceOrientationPortraitUpsideDown UIInterfaceOrientationLandscapeLeft UIInterfaceOrientationLandscapeRight";
				INFOPLIST_KEY_UISupportedInterfaceOrientations_iPhone = "UIInterfaceOrientationPortrait UIInterfaceOrientationLandscapeLeft UIInterfaceOrientationLandscapeRight";
				LD_RUNPATH_SEARCH_PATHS = (
					"$(inherited)",
					"@executable_path/Frameworks",
				);
				MARKETING_VERSION = 1.0;
				PRODUCT_BUNDLE_IDENTIFIER = hn.LoginMVVM;
				PRODUCT_NAME = "$(TARGET_NAME)";
				SWIFT_EMIT_LOC_STRINGS = YES;
				SWIFT_VERSION = 5.0;
				TARGETED_DEVICE_FAMILY = "1,2";
			};
			name = Debug;
		};
		8414999828F3C434002C190F /* Release */ = {
			isa = XCBuildConfiguration;
			buildSettings = {
				ASSETCATALOG_COMPILER_APPICON_NAME = AppIcon;
				ASSETCATALOG_COMPILER_GLOBAL_ACCENT_COLOR_NAME = AccentColor;
				CODE_SIGN_STYLE = Automatic;
				CURRENT_PROJECT_VERSION = 1;
				GENERATE_INFOPLIST_FILE = YES;
				INFOPLIST_FILE = LoginMVVM/Info.plist;
				INFOPLIST_KEY_UIApplicationSupportsIndirectInputEvents = YES;
				INFOPLIST_KEY_UILaunchStoryboardName = LaunchScreen;
				INFOPLIST_KEY_UIMainStoryboardFile = Main;
				INFOPLIST_KEY_UISupportedInterfaceOrientations_iPad = "UIInterfaceOrientationPortrait UIInterfaceOrientationPortraitUpsideDown UIInterfaceOrientationLandscapeLeft UIInterfaceOrientationLandscapeRight";
				INFOPLIST_KEY_UISupportedInterfaceOrientations_iPhone = "UIInterfaceOrientationPortrait UIInterfaceOrientationLandscapeLeft UIInterfaceOrientationLandscapeRight";
				LD_RUNPATH_SEARCH_PATHS = (
					"$(inherited)",
					"@executable_path/Frameworks",
				);
				MARKETING_VERSION = 1.0;
				PRODUCT_BUNDLE_IDENTIFIER = hn.LoginMVVM;
				PRODUCT_NAME = "$(TARGET_NAME)";
				SWIFT_EMIT_LOC_STRINGS = YES;
				SWIFT_VERSION = 5.0;
				TARGETED_DEVICE_FAMILY = "1,2";
			};
			name = Release;
		};
/* End XCBuildConfiguration section */

/* Begin XCConfigurationList section */
		8414997A28F3C433002C190F /* Build configuration list for PBXProject "LoginMVVM" */ = {
			isa = XCConfigurationList;
			buildConfigurations = (
				8414999428F3C434002C190F /* Debug */,
				8414999528F3C434002C190F /* Release */,
			);
			defaultConfigurationIsVisible = 0;
			defaultConfigurationName = Release;
		};
		8414999628F3C434002C190F /* Build configuration list for PBXNativeTarget "LoginMVVM" */ = {
			isa = XCConfigurationList;
			buildConfigurations = (
				8414999728F3C434002C190F /* Debug */,
				8414999828F3C434002C190F /* Release */,
			);
			defaultConfigurationIsVisible = 0;
			defaultConfigurationName = Release;
		};
/* End XCConfigurationList section */

/* Begin XCVersionGroup section */
		8414998B28F3C433002C190F /* LoginMVVM.xcdatamodeld */ = {
			isa = XCVersionGroup;
			children = (
				8414998C28F3C433002C190F /* LoginMVVM.xcdatamodel */,
			);
			currentVersion = 8414998C28F3C433002C190F /* LoginMVVM.xcdatamodel */;
			path = LoginMVVM.xcdatamodeld;
			sourceTree = "<group>";
			versionGroupType = wrapper.xcdatamodel;
		};
/* End XCVersionGroup section */
	};
	rootObject = 8414997728F3C433002C190F /* Project object */;
}
